// !$*UTF8*$!
{
	archiveVersion = 1;
	classes = {
	};
	objectVersion = 56;
	objects = {

/* Begin PBXBuildFile section */
		3451596C299689FD002C520F /* AppDelegate.swift in Sources */ = {isa = PBXBuildFile; fileRef = 3451596B299689FD002C520F /* AppDelegate.swift */; };
		3451596E299689FD002C520F /* SceneDelegate.swift in Sources */ = {isa = PBXBuildFile; fileRef = 3451596D299689FD002C520F /* SceneDelegate.swift */; };
		34515973299689FD002C520F /* Main.storyboard in Resources */ = {isa = PBXBuildFile; fileRef = 34515971299689FD002C520F /* Main.storyboard */; };
		34515975299689FE002C520F /* Assets.xcassets in Resources */ = {isa = PBXBuildFile; fileRef = 34515974299689FE002C520F /* Assets.xcassets */; };
		34515978299689FE002C520F /* LaunchScreen.storyboard in Resources */ = {isa = PBXBuildFile; fileRef = 34515976299689FE002C520F /* LaunchScreen.storyboard */; };
		3451598129968D71002C520F /* SportsTeamTableViewController.swift in Sources */ = {isa = PBXBuildFile; fileRef = 3451598029968D71002C520F /* SportsTeamTableViewController.swift */; };
		3451598329968D9D002C520F /* TeamDetailViewController.swift in Sources */ = {isa = PBXBuildFile; fileRef = 3451598229968D9D002C520F /* TeamDetailViewController.swift */; };
		3451598729968E00002C520F /* SportTeamTableViewCell.swift in Sources */ = {isa = PBXBuildFile; fileRef = 3451598629968E00002C520F /* SportTeamTableViewCell.swift */; };
		3451598929968EAC002C520F /* Team.swift in Sources */ = {isa = PBXBuildFile; fileRef = 3451598829968EAC002C520F /* Team.swift */; };
		3451598F29980968002C520F /* TeamController.swift in Sources */ = {isa = PBXBuildFile; fileRef = 3451598E29980968002C520F /* TeamController.swift */; };
/* End PBXBuildFile section */

/* Begin PBXFileReference section */
		34515968299689FD002C520F /* SportsTeams.mchill.app */ = {isa = PBXFileReference; explicitFileType = wrapper.application; includeInIndex = 0; path = SportsTeams.mchill.app; sourceTree = BUILT_PRODUCTS_DIR; };
		3451596B299689FD002C520F /* AppDelegate.swift */ = {isa = PBXFileReference; lastKnownFileType = sourcecode.swift; path = AppDelegate.swift; sourceTree = "<group>"; };
		3451596D299689FD002C520F /* SceneDelegate.swift */ = {isa = PBXFileReference; lastKnownFileType = sourcecode.swift; path = SceneDelegate.swift; sourceTree = "<group>"; };
		34515972299689FD002C520F /* Base */ = {isa = PBXFileReference; lastKnownFileType = file.storyboard; name = Base; path = Base.lproj/Main.storyboard; sourceTree = "<group>"; };
		34515974299689FE002C520F /* Assets.xcassets */ = {isa = PBXFileReference; lastKnownFileType = folder.assetcatalog; path = Assets.xcassets; sourceTree = "<group>"; };
		34515977299689FE002C520F /* Base */ = {isa = PBXFileReference; lastKnownFileType = file.storyboard; name = Base; path = Base.lproj/LaunchScreen.storyboard; sourceTree = "<group>"; };
		34515979299689FE002C520F /* Info.plist */ = {isa = PBXFileReference; lastKnownFileType = text.plist.xml; path = Info.plist; sourceTree = "<group>"; };
		3451598029968D71002C520F /* SportsTeamTableViewController.swift */ = {isa = PBXFileReference; lastKnownFileType = sourcecode.swift; path = SportsTeamTableViewController.swift; sourceTree = "<group>"; };
		3451598229968D9D002C520F /* TeamDetailViewController.swift */ = {isa = PBXFileReference; lastKnownFileType = sourcecode.swift; path = TeamDetailViewController.swift; sourceTree = "<group>"; };
		3451598629968E00002C520F /* SportTeamTableViewCell.swift */ = {isa = PBXFileReference; lastKnownFileType = sourcecode.swift; path = SportTeamTableViewCell.swift; sourceTree = "<group>"; };
		3451598829968EAC002C520F /* Team.swift */ = {isa = PBXFileReference; lastKnownFileType = sourcecode.swift; path = Team.swift; sourceTree = "<group>"; };
		3451598E29980968002C520F /* TeamController.swift */ = {isa = PBXFileReference; lastKnownFileType = sourcecode.swift; path = TeamController.swift; sourceTree = "<group>"; };
/* End PBXFileReference section */

/* Begin PBXFrameworksBuildPhase section */
		34515965299689FD002C520F /* Frameworks */ = {
			isa = PBXFrameworksBuildPhase;
			buildActionMask = 2147483647;
			files = (
			);
			runOnlyForDeploymentPostprocessing = 0;
		};
/* End PBXFrameworksBuildPhase section */

/* Begin PBXGroup section */
		3451595F299689FD002C520F = {
			isa = PBXGroup;
			children = (
				3451596A299689FD002C520F /* SportsTeams.mchill */,
				34515969299689FD002C520F /* Products */,
			);
			sourceTree = "<group>";
		};
		34515969299689FD002C520F /* Products */ = {
			isa = PBXGroup;
			children = (
				34515968299689FD002C520F /* SportsTeams.mchill.app */,
			);
			name = Products;
			sourceTree = "<group>";
		};
		3451596A299689FD002C520F /* SportsTeams.mchill */ = {
			isa = PBXGroup;
			children = (
				3451597F29968C56002C520F /* Supporting Files */,
				34515971299689FD002C520F /* Main.storyboard */,
				34515976299689FE002C520F /* LaunchScreen.storyboard */,
				3451598429968DAA002C520F /* View Controllers */,
				3451598529968DBF002C520F /* Cell View Controller */,
				3451598A29968EB5002C520F /* Model */,
				3451598D29968EE5002C520F /* Model Controller */,
			);
			path = SportsTeams.mchill;
			sourceTree = "<group>";
		};
		3451597F29968C56002C520F /* Supporting Files */ = {
			isa = PBXGroup;
			children = (
				3451596B299689FD002C520F /* AppDelegate.swift */,
				3451596D299689FD002C520F /* SceneDelegate.swift */,
				34515974299689FE002C520F /* Assets.xcassets */,
				34515979299689FE002C520F /* Info.plist */,
			);
			path = "Supporting Files";
			sourceTree = "<group>";
		};
		3451598429968DAA002C520F /* View Controllers */ = {
			isa = PBXGroup;
			children = (
				3451598229968D9D002C520F /* TeamDetailViewController.swift */,
				3451598029968D71002C520F /* SportsTeamTableViewController.swift */,
			);
			path = "View Controllers";
			sourceTree = "<group>";
		};
		3451598529968DBF002C520F /* Cell View Controller */ = {
			isa = PBXGroup;
			children = (
				3451598629968E00002C520F /* SportTeamTableViewCell.swift */,
			);
			path = "Cell View Controller";
			sourceTree = "<group>";
		};
		3451598A29968EB5002C520F /* Model */ = {
			isa = PBXGroup;
			children = (
				3451598829968EAC002C520F /* Team.swift */,
			);
			path = Model;
			sourceTree = "<group>";
		};
		3451598D29968EE5002C520F /* Model Controller */ = {
			isa = PBXGroup;
			children = (
				3451598E29980968002C520F /* TeamController.swift */,
			);
			path = "Model Controller";
			sourceTree = "<group>";
		};
/* End PBXGroup section */

/* Begin PBXNativeTarget section */
		34515967299689FD002C520F /* SportsTeams.mchill */ = {
			isa = PBXNativeTarget;
			buildConfigurationList = 3451597C299689FE002C520F /* Build configuration list for PBXNativeTarget "SportsTeams.mchill" */;
			buildPhases = (
				34515964299689FD002C520F /* Sources */,
				34515965299689FD002C520F /* Frameworks */,
				34515966299689FD002C520F /* Resources */,
			);
			buildRules = (
			);
			dependencies = (
			);
			name = SportsTeams.mchill;
			productName = SportsTeams.mchill;
			productReference = 34515968299689FD002C520F /* SportsTeams.mchill.app */;
			productType = "com.apple.product-type.application";
		};
/* End PBXNativeTarget section */

/* Begin PBXProject section */
		34515960299689FD002C520F /* Project object */ = {
			isa = PBXProject;
			attributes = {
				BuildIndependentTargetsInParallel = 1;
				LastSwiftUpdateCheck = 1420;
				LastUpgradeCheck = 1420;
				TargetAttributes = {
					34515967299689FD002C520F = {
						CreatedOnToolsVersion = 14.2;
					};
				};
			};
			buildConfigurationList = 34515963299689FD002C520F /* Build configuration list for PBXProject "SportsTeams.mchill" */;
			compatibilityVersion = "Xcode 14.0";
			developmentRegion = en;
			hasScannedForEncodings = 0;
			knownRegions = (
				en,
				Base,
			);
			mainGroup = 3451595F299689FD002C520F;
			productRefGroup = 34515969299689FD002C520F /* Products */;
			projectDirPath = "";
			projectRoot = "";
			targets = (
				34515967299689FD002C520F /* SportsTeams.mchill */,
			);
		};
/* End PBXProject section */

/* Begin PBXResourcesBuildPhase section */
		34515966299689FD002C520F /* Resources */ = {
			isa = PBXResourcesBuildPhase;
			buildActionMask = 2147483647;
			files = (
				34515978299689FE002C520F /* LaunchScreen.storyboard in Resources */,
				34515975299689FE002C520F /* Assets.xcassets in Resources */,
				34515973299689FD002C520F /* Main.storyboard in Resources */,
			);
			runOnlyForDeploymentPostprocessing = 0;
		};
/* End PBXResourcesBuildPhase section */

/* Begin PBXSourcesBuildPhase section */
		34515964299689FD002C520F /* Sources */ = {
			isa = PBXSourcesBuildPhase;
			buildActionMask = 2147483647;
			files = (
				3451598929968EAC002C520F /* Team.swift in Sources */,
				3451598729968E00002C520F /* SportTeamTableViewCell.swift in Sources */,
				3451598F29980968002C520F /* TeamController.swift in Sources */,
				3451596C299689FD002C520F /* AppDelegate.swift in Sources */,
				3451596E299689FD002C520F /* SceneDelegate.swift in Sources */,
				3451598329968D9D002C520F /* TeamDetailViewController.swift in Sources */,
				3451598129968D71002C520F /* SportsTeamTableViewController.swift in Sources */,
			);
			runOnlyForDeploymentPostprocessing = 0;
		};
/* End PBXSourcesBuildPhase section */

/* Begin PBXVariantGroup section */
		34515971299689FD002C520F /* Main.storyboard */ = {
			isa = PBXVariantGroup;
			children = (
				34515972299689FD002C520F /* Base */,
			);
			name = Main.storyboard;
			sourceTree = "<group>";
		};
		34515976299689FE002C520F /* LaunchScreen.storyboard */ = {
			isa = PBXVariantGroup;
			children = (
				34515977299689FE002C520F /* Base */,
			);
			name = LaunchScreen.storyboard;
			sourceTree = "<group>";
		};
/* End PBXVariantGroup section */

/* Begin XCBuildConfiguration section */
		3451597A299689FE002C520F /* Debug */ = {
			isa = XCBuildConfiguration;
			buildSettings = {
				ALWAYS_SEARCH_USER_PATHS = NO;
				CLANG_ANALYZER_NONNULL = YES;
				CLANG_ANALYZER_NUMBER_OBJECT_CONVERSION = YES_AGGRESSIVE;
				CLANG_CXX_LANGUAGE_STANDARD = "gnu++20";
				CLANG_ENABLE_MODULES = YES;
				CLANG_ENABLE_OBJC_ARC = YES;
				CLANG_ENABLE_OBJC_WEAK = YES;
				CLANG_WARN_BLOCK_CAPTURE_AUTORELEASING = YES;
				CLANG_WARN_BOOL_CONVERSION = YES;
				CLANG_WARN_COMMA = YES;
				CLANG_WARN_CONSTANT_CONVERSION = YES;
				CLANG_WARN_DEPRECATED_OBJC_IMPLEMENTATIONS = YES;
				CLANG_WARN_DIRECT_OBJC_ISA_USAGE = YES_ERROR;
				CLANG_WARN_DOCUMENTATION_COMMENTS = YES;
				CLANG_WARN_EMPTY_BODY = YES;
				CLANG_WARN_ENUM_CONVERSION = YES;
				CLANG_WARN_INFINITE_RECURSION = YES;
				CLANG_WARN_INT_CONVERSION = YES;
				CLANG_WARN_NON_LITERAL_NULL_CONVERSION = YES;
				CLANG_WARN_OBJC_IMPLICIT_RETAIN_SELF = YES;
				CLANG_WARN_OBJC_LITERAL_CONVERSION = YES;
				CLANG_WARN_OBJC_ROOT_CLASS = YES_ERROR;
				CLANG_WARN_QUOTED_INCLUDE_IN_FRAMEWORK_HEADER = YES;
				CLANG_WARN_RANGE_LOOP_ANALYSIS = YES;
				CLANG_WARN_STRICT_PROTOTYPES = YES;
				CLANG_WARN_SUSPICIOUS_MOVE = YES;
				CLANG_WARN_UNGUARDED_AVAILABILITY = YES_AGGRESSIVE;
				CLANG_WARN_UNREACHABLE_CODE = YES;
				CLANG_WARN__DUPLICATE_METHOD_MATCH = YES;
				COPY_PHASE_STRIP = NO;
				DEBUG_INFORMATION_FORMAT = dwarf;
				ENABLE_STRICT_OBJC_MSGSEND = YES;
				ENABLE_TESTABILITY = YES;
				GCC_C_LANGUAGE_STANDARD = gnu11;
				GCC_DYNAMIC_NO_PIC = NO;
				GCC_NO_COMMON_BLOCKS = YES;
				GCC_OPTIMIZATION_LEVEL = 0;
				GCC_PREPROCESSOR_DEFINITIONS = (
					"DEBUG=1",
					"$(inherited)",
				);
				GCC_WARN_64_TO_32_BIT_CONVERSION = YES;
				GCC_WARN_ABOUT_RETURN_TYPE = YES_ERROR;
				GCC_WARN_UNDECLARED_SELECTOR = YES;
				GCC_WARN_UNINITIALIZED_AUTOS = YES_AGGRESSIVE;
				GCC_WARN_UNUSED_FUNCTION = YES;
				GCC_WARN_UNUSED_VARIABLE = YES;
				IPHONEOS_DEPLOYMENT_TARGET = 16.2;
				MTL_ENABLE_DEBUG_INFO = INCLUDE_SOURCE;
				MTL_FAST_MATH = YES;
				ONLY_ACTIVE_ARCH = YES;
				SDKROOT = iphoneos;
				SWIFT_ACTIVE_COMPILATION_CONDITIONS = DEBUG;
				SWIFT_OPTIMIZATION_LEVEL = "-Onone";
			};
			name = Debug;
		};
		3451597B299689FE002C520F /* Release */ = {
			isa = XCBuildConfiguration;
			buildSettings = {
				ALWAYS_SEARCH_USER_PATHS = NO;
				CLANG_ANALYZER_NONNULL = YES;
				CLANG_ANALYZER_NUMBER_OBJECT_CONVERSION = YES_AGGRESSIVE;
				CLANG_CXX_LANGUAGE_STANDARD = "gnu++20";
				CLANG_ENABLE_MODULES = YES;
				CLANG_ENABLE_OBJC_ARC = YES;
				CLANG_ENABLE_OBJC_WEAK = YES;
				CLANG_WARN_BLOCK_CAPTURE_AUTORELEASING = YES;
				CLANG_WARN_BOOL_CONVERSION = YES;
				CLANG_WARN_COMMA = YES;
				CLANG_WARN_CONSTANT_CONVERSION = YES;
				CLANG_WARN_DEPRECATED_OBJC_IMPLEMENTATIONS = YES;
				CLANG_WARN_DIRECT_OBJC_ISA_USAGE = YES_ERROR;
				CLANG_WARN_DOCUMENTATION_COMMENTS = YES;
				CLANG_WARN_EMPTY_BODY = YES;
				CLANG_WARN_ENUM_CONVERSION = YES;
				CLANG_WARN_INFINITE_RECURSION = YES;
				CLANG_WARN_INT_CONVERSION = YES;
				CLANG_WARN_NON_LITERAL_NULL_CONVERSION = YES;
				CLANG_WARN_OBJC_IMPLICIT_RETAIN_SELF = YES;
				CLANG_WARN_OBJC_LITERAL_CONVERSION = YES;
				CLANG_WARN_OBJC_ROOT_CLASS = YES_ERROR;
				CLANG_WARN_QUOTED_INCLUDE_IN_FRAMEWORK_HEADER = YES;
				CLANG_WARN_RANGE_LOOP_ANALYSIS = YES;
				CLANG_WARN_STRICT_PROTOTYPES = YES;
				CLANG_WARN_SUSPICIOUS_MOVE = YES;
				CLANG_WARN_UNGUARDED_AVAILABILITY = YES_AGGRESSIVE;
				CLANG_WARN_UNREACHABLE_CODE = YES;
				CLANG_WARN__DUPLICATE_METHOD_MATCH = YES;
				COPY_PHASE_STRIP = NO;
				DEBUG_INFORMATION_FORMAT = "dwarf-with-dsym";
				ENABLE_NS_ASSERTIONS = NO;
				ENABLE_STRICT_OBJC_MSGSEND = YES;
				GCC_C_LANGUAGE_STANDARD = gnu11;
				GCC_NO_COMMON_BLOCKS = YES;
				GCC_WARN_64_TO_32_BIT_CONVERSION = YES;
				GCC_WARN_ABOUT_RETURN_TYPE = YES_ERROR;
				GCC_WARN_UNDECLARED_SELECTOR = YES;
				GCC_WARN_UNINITIALIZED_AUTOS = YES_AGGRESSIVE;
				GCC_WARN_UNUSED_FUNCTION = YES;
				GCC_WARN_UNUSED_VARIABLE = YES;
				IPHONEOS_DEPLOYMENT_TARGET = 16.2;
				MTL_ENABLE_DEBUG_INFO = NO;
				MTL_FAST_MATH = YES;
				SDKROOT = iphoneos;
				SWIFT_COMPILATION_MODE = wholemodule;
				SWIFT_OPTIMIZATION_LEVEL = "-O";
				VALIDATE_PRODUCT = YES;
			};
			name = Release;
		};
		3451597D299689FE002C520F /* Debug */ = {
			isa = XCBuildConfiguration;
			buildSettings = {
				ASSETCATALOG_COMPILER_APPICON_NAME = AppIcon;
				ASSETCATALOG_COMPILER_GLOBAL_ACCENT_COLOR_NAME = AccentColor;
				CODE_SIGN_STYLE = Automatic;
				CURRENT_PROJECT_VERSION = 1;
				GENERATE_INFOPLIST_FILE = YES;
				INFOPLIST_FILE = "SportsTeams.mchill/Supporting Files/Info.plist";
				INFOPLIST_KEY_UIApplicationSupportsIndirectInputEvents = YES;
				INFOPLIST_KEY_UILaunchStoryboardName = LaunchScreen;
				INFOPLIST_KEY_UIMainStoryboardFile = Main;
				INFOPLIST_KEY_UISupportedInterfaceOrientations_iPad = "UIInterfaceOrientationPortrait UIInterfaceOrientationPortraitUpsideDown UIInterfaceOrientationLandscapeLeft UIInterfaceOrientationLandscapeRight";
				INFOPLIST_KEY_UISupportedInterfaceOrientations_iPhone = "UIInterfaceOrientationPortrait UIInterfaceOrientationLandscapeLeft UIInterfaceOrientationLandscapeRight";
				LD_RUNPATH_SEARCH_PATHS = (
					"$(inherited)",
					"@executable_path/Frameworks",
				);
				MARKETING_VERSION = 1.0;
				PRODUCT_BUNDLE_IDENTIFIER = "MetaChillDevelopers.SportsTeams-mchill";
				PRODUCT_NAME = "$(TARGET_NAME)";
				SWIFT_EMIT_LOC_STRINGS = YES;
				SWIFT_VERSION = 5.0;
				TARGETED_DEVICE_FAMILY = "1,2";
			};
			name = Debug;
		};
		3451597E299689FE002C520F /* Release */ = {
			isa = XCBuildConfiguration;
			buildSettings = {
				ASSETCATALOG_COMPILER_APPICON_NAME = AppIcon;
				ASSETCATALOG_COMPILER_GLOBAL_ACCENT_COLOR_NAME = AccentColor;
				CODE_SIGN_STYLE = Automatic;
				CURRENT_PROJECT_VERSION = 1;
				GENERATE_INFOPLIST_FILE = YES;
				INFOPLIST_FILE = "SportsTeams.mchill/Supporting Files/Info.plist";
				INFOPLIST_KEY_UIApplicationSupportsIndirectInputEvents = YES;
				INFOPLIST_KEY_UILaunchStoryboardName = LaunchScreen;
				INFOPLIST_KEY_UIMainStoryboardFile = Main;
				INFOPLIST_KEY_UISupportedInterfaceOrientations_iPad = "UIInterfaceOrientationPortrait UIInterfaceOrientationPortraitUpsideDown UIInterfaceOrientationLandscapeLeft UIInterfaceOrientationLandscapeRight";
				INFOPLIST_KEY_UISupportedInterfaceOrientations_iPhone = "UIInterfaceOrientationPortrait UIInterfaceOrientationLandscapeLeft UIInterfaceOrientationLandscapeRight";
				LD_RUNPATH_SEARCH_PATHS = (
					"$(inherited)",
					"@executable_path/Frameworks",
				);
				MARKETING_VERSION = 1.0;
				PRODUCT_BUNDLE_IDENTIFIER = "MetaChillDevelopers.SportsTeams-mchill";
				PRODUCT_NAME = "$(TARGET_NAME)";
				SWIFT_EMIT_LOC_STRINGS = YES;
				SWIFT_VERSION = 5.0;
				TARGETED_DEVICE_FAMILY = "1,2";
			};
			name = Release;
		};
/* End XCBuildConfiguration section */

/* Begin XCConfigurationList section */
		34515963299689FD002C520F /* Build configuration list for PBXProject "SportsTeams.mchill" */ = {
			isa = XCConfigurationList;
			buildConfigurations = (
				3451597A299689FE002C520F /* Debug */,
				3451597B299689FE002C520F /* Release */,
			);
			defaultConfigurationIsVisible = 0;
			defaultConfigurationName = Release;
		};
		3451597C299689FE002C520F /* Build configuration list for PBXNativeTarget "SportsTeams.mchill" */ = {
			isa = XCConfigurationList;
			buildConfigurations = (
				3451597D299689FE002C520F /* Debug */,
				3451597E299689FE002C520F /* Release */,
			);
			defaultConfigurationIsVisible = 0;
			defaultConfigurationName = Release;
		};
/* End XCConfigurationList section */
	};
	rootObject = 34515960299689FD002C520F /* Project object */;
}
